
Microsoft Visual Studio Solution File, Format Version 12.00
# Visual Studio Version 17
VisualStudioVersion = 17.10.35013.160
MinimumVisualStudioVersion = 10.0.40219.1
Project("{FAE04EC0-301F-11D3-BF4B-00C04F79EFBC}") = "RegistryManipulator", "RegistryManipulator\RegistryManipulator.csproj", "{894D81CB-57CE-4F81-AC94-EAE4C12293BB}"
EndProject
Global
	GlobalSection(SolutionConfigurationPlatforms) = preSolution
		Debug|Any CPU = Debug|Any CPU
		Release|Any CPU = Release|Any CPU
	EndGlobalSection
	GlobalSection(ProjectConfigurationPlatforms) = postSolution
		{894D81CB-57CE-4F81-AC94-EAE4C12293BB}.Debug|Any CPU.ActiveCfg = Debug|Any CPU
		{894D81CB-57CE-4F81-AC94-EAE4C12293BB}.Debug|Any CPU.Build.0 = Debug|Any CPU
		{894D81CB-57CE-4F81-AC94-EAE4C12293BB}.Release|Any CPU.ActiveCfg = Release|Any CPU
		{894D81CB-57CE-4F81-AC94-EAE4C12293BB}.Release|Any CPU.Build.0 = Release|Any CPU
	EndGlobalSection
	GlobalSection(SolutionProperties) = preSolution
		HideSolutionNode = FALSE
	EndGlobalSection
	GlobalSection(ExtensibilityGlobals) = postSolution
		SolutionGuid = {C3948606-B885-4C8F-B213-328193B09B06}
	EndGlobalSection
EndGlobal
